// !$*UTF8*$!
{
	archiveVersion = 1;
	classes = {
	};
	objectVersion = 56;
	objects = {

/* Begin PBXBuildFile section */
		48DA6B6E2C4AC64D00832674 /* MovieAppApp.swift in Sources */ = {isa = PBXBuildFile; fileRef = 48DA6B6D2C4AC64D00832674 /* MovieAppApp.swift */; };
		48DA6B702C4AC64D00832674 /* ContentView.swift in Sources */ = {isa = PBXBuildFile; fileRef = 48DA6B6F2C4AC64D00832674 /* ContentView.swift */; };
		48DA6B722C4AC64F00832674 /* Assets.xcassets in Resources */ = {isa = PBXBuildFile; fileRef = 48DA6B712C4AC64F00832674 /* Assets.xcassets */; };
		48DA6B752C4AC64F00832674 /* Preview Assets.xcassets in Resources */ = {isa = PBXBuildFile; fileRef = 48DA6B742C4AC64F00832674 /* Preview Assets.xcassets */; };
		48DA6BA42C4ACB9800832674 /* MovieListView.swift in Sources */ = {isa = PBXBuildFile; fileRef = 48DA6BA32C4ACB9800832674 /* MovieListView.swift */; };
		48DA6BA62C4ACBD100832674 /* MovieRow.swift in Sources */ = {isa = PBXBuildFile; fileRef = 48DA6BA52C4ACBD100832674 /* MovieRow.swift */; };
		48DA6BA82C4ACBF300832674 /* MovieDetailView.swift in Sources */ = {isa = PBXBuildFile; fileRef = 48DA6BA72C4ACBF300832674 /* MovieDetailView.swift */; };
		48DA6BAA2C4ACC3200832674 /* Movie.swift in Sources */ = {isa = PBXBuildFile; fileRef = 48DA6BA92C4ACC3200832674 /* Movie.swift */; };
		48DA6BAC2C4ACC5F00832674 /* FetchMoviesUseCase.swift in Sources */ = {isa = PBXBuildFile; fileRef = 48DA6BAB2C4ACC5F00832674 /* FetchMoviesUseCase.swift */; };
		48DA6BAE2C4ACCB500832674 /* APIService.swift in Sources */ = {isa = PBXBuildFile; fileRef = 48DA6BAD2C4ACCB500832674 /* APIService.swift */; };
		48DA6BB02C4ACE4500832674 /* MovieRepository.swift in Sources */ = {isa = PBXBuildFile; fileRef = 48DA6BAF2C4ACE4500832674 /* MovieRepository.swift */; };
		48DA6BB22C4ACEE800832674 /* MovieViewModel.swift in Sources */ = {isa = PBXBuildFile; fileRef = 48DA6BB12C4ACEE800832674 /* MovieViewModel.swift */; };
		48DA6BB42C4AD24600832674 /* APIServiceTests.swift in Sources */ = {isa = PBXBuildFile; fileRef = 48DA6BB32C4AD24600832674 /* APIServiceTests.swift */; };
		48DA6BB62C4AD29B00832674 /* MovieRepositoryTests.swift in Sources */ = {isa = PBXBuildFile; fileRef = 48DA6BB52C4AD29B00832674 /* MovieRepositoryTests.swift */; };
		48DA6BB82C4AD31F00832674 /* MovieViewModelTests.swift in Sources */ = {isa = PBXBuildFile; fileRef = 48DA6BB72C4AD31F00832674 /* MovieViewModelTests.swift */; };
/* End PBXBuildFile section */

/* Begin PBXContainerItemProxy section */
		48DA6B7B2C4AC64F00832674 /* PBXContainerItemProxy */ = {
			isa = PBXContainerItemProxy;
			containerPortal = 48DA6B622C4AC64D00832674 /* Project object */;
			proxyType = 1;
			remoteGlobalIDString = 48DA6B692C4AC64D00832674;
			remoteInfo = MovieApp;
		};
/* End PBXContainerItemProxy section */

/* Begin PBXFileReference section */
		48DA6B6A2C4AC64D00832674 /* MovieApp.app */ = {isa = PBXFileReference; explicitFileType = wrapper.application; includeInIndex = 0; path = MovieApp.app; sourceTree = BUILT_PRODUCTS_DIR; };
		48DA6B6D2C4AC64D00832674 /* MovieAppApp.swift */ = {isa = PBXFileReference; lastKnownFileType = sourcecode.swift; path = MovieAppApp.swift; sourceTree = "<group>"; };
		48DA6B6F2C4AC64D00832674 /* ContentView.swift */ = {isa = PBXFileReference; lastKnownFileType = sourcecode.swift; path = ContentView.swift; sourceTree = "<group>"; };
		48DA6B712C4AC64F00832674 /* Assets.xcassets */ = {isa = PBXFileReference; lastKnownFileType = folder.assetcatalog; path = Assets.xcassets; sourceTree = "<group>"; };
		48DA6B742C4AC64F00832674 /* Preview Assets.xcassets */ = {isa = PBXFileReference; lastKnownFileType = folder.assetcatalog; path = "Preview Assets.xcassets"; sourceTree = "<group>"; };
		48DA6B7A2C4AC64F00832674 /* MovieAppTests.xctest */ = {isa = PBXFileReference; explicitFileType = wrapper.cfbundle; includeInIndex = 0; path = MovieAppTests.xctest; sourceTree = BUILT_PRODUCTS_DIR; };
		48DA6BA32C4ACB9800832674 /* MovieListView.swift */ = {isa = PBXFileReference; lastKnownFileType = sourcecode.swift; path = MovieListView.swift; sourceTree = "<group>"; };
		48DA6BA52C4ACBD100832674 /* MovieRow.swift */ = {isa = PBXFileReference; lastKnownFileType = sourcecode.swift; path = MovieRow.swift; sourceTree = "<group>"; };
		48DA6BA72C4ACBF300832674 /* MovieDetailView.swift */ = {isa = PBXFileReference; lastKnownFileType = sourcecode.swift; path = MovieDetailView.swift; sourceTree = "<group>"; };
		48DA6BA92C4ACC3200832674 /* Movie.swift */ = {isa = PBXFileReference; lastKnownFileType = sourcecode.swift; path = Movie.swift; sourceTree = "<group>"; };
		48DA6BAB2C4ACC5F00832674 /* FetchMoviesUseCase.swift */ = {isa = PBXFileReference; lastKnownFileType = sourcecode.swift; path = FetchMoviesUseCase.swift; sourceTree = "<group>"; };
		48DA6BAD2C4ACCB500832674 /* APIService.swift */ = {isa = PBXFileReference; lastKnownFileType = sourcecode.swift; path = APIService.swift; sourceTree = "<group>"; };
		48DA6BAF2C4ACE4500832674 /* MovieRepository.swift */ = {isa = PBXFileReference; lastKnownFileType = sourcecode.swift; path = MovieRepository.swift; sourceTree = "<group>"; };
		48DA6BB12C4ACEE800832674 /* MovieViewModel.swift */ = {isa = PBXFileReference; lastKnownFileType = sourcecode.swift; path = MovieViewModel.swift; sourceTree = "<group>"; };
		48DA6BB32C4AD24600832674 /* APIServiceTests.swift */ = {isa = PBXFileReference; lastKnownFileType = sourcecode.swift; path = APIServiceTests.swift; sourceTree = "<group>"; };
		48DA6BB52C4AD29B00832674 /* MovieRepositoryTests.swift */ = {isa = PBXFileReference; lastKnownFileType = sourcecode.swift; path = MovieRepositoryTests.swift; sourceTree = "<group>"; };
		48DA6BB72C4AD31F00832674 /* MovieViewModelTests.swift */ = {isa = PBXFileReference; lastKnownFileType = sourcecode.swift; path = MovieViewModelTests.swift; sourceTree = "<group>"; };
/* End PBXFileReference section */

/* Begin PBXFrameworksBuildPhase section */
		48DA6B672C4AC64D00832674 /* Frameworks */ = {
			isa = PBXFrameworksBuildPhase;
			buildActionMask = 2147483647;
			files = (
			);
			runOnlyForDeploymentPostprocessing = 0;
		};
		48DA6B772C4AC64F00832674 /* Frameworks */ = {
			isa = PBXFrameworksBuildPhase;
			buildActionMask = 2147483647;
			files = (
			);
			runOnlyForDeploymentPostprocessing = 0;
		};
/* End PBXFrameworksBuildPhase section */

/* Begin PBXGroup section */
		48DA6B612C4AC64D00832674 = {
			isa = PBXGroup;
			children = (
				48DA6B6C2C4AC64D00832674 /* MovieApp */,
				48DA6B7D2C4AC64F00832674 /* MovieAppTests */,
				48DA6B6B2C4AC64D00832674 /* Products */,
			);
			sourceTree = "<group>";
		};
		48DA6B6B2C4AC64D00832674 /* Products */ = {
			isa = PBXGroup;
			children = (
				48DA6B6A2C4AC64D00832674 /* MovieApp.app */,
				48DA6B7A2C4AC64F00832674 /* MovieAppTests.xctest */,
			);
			name = Products;
			sourceTree = "<group>";
		};
		48DA6B6C2C4AC64D00832674 /* MovieApp */ = {
			isa = PBXGroup;
			children = (
				48DA6B982C4AC7C500832674 /* Domain */,
				48DA6B9B2C4AC81500832674 /* Data */,
				48DA6B9E2C4AC84200832674 /* Presentation */,
				48DA6B712C4AC64F00832674 /* Assets.xcassets */,
				48DA6B732C4AC64F00832674 /* Preview Content */,
			);
			path = MovieApp;
			sourceTree = "<group>";
		};
		48DA6B732C4AC64F00832674 /* Preview Content */ = {
			isa = PBXGroup;
			children = (
				48DA6B742C4AC64F00832674 /* Preview Assets.xcassets */,
			);
			path = "Preview Content";
			sourceTree = "<group>";
		};
		48DA6B7D2C4AC64F00832674 /* MovieAppTests */ = {
			isa = PBXGroup;
			children = (
				48DA6BB32C4AD24600832674 /* APIServiceTests.swift */,
				48DA6BB52C4AD29B00832674 /* MovieRepositoryTests.swift */,
				48DA6BB72C4AD31F00832674 /* MovieViewModelTests.swift */,
			);
			path = MovieAppTests;
			sourceTree = "<group>";
		};
		48DA6B982C4AC7C500832674 /* Domain */ = {
			isa = PBXGroup;
			children = (
				48DA6B992C4AC7E200832674 /* Models */,
				48DA6B9A2C4AC7E900832674 /* UseCases */,
			);
			path = Domain;
			sourceTree = "<group>";
		};
		48DA6B992C4AC7E200832674 /* Models */ = {
			isa = PBXGroup;
			children = (
				48DA6BA92C4ACC3200832674 /* Movie.swift */,
			);
			path = Models;
			sourceTree = "<group>";
		};
		48DA6B9A2C4AC7E900832674 /* UseCases */ = {
			isa = PBXGroup;
			children = (
				48DA6BAB2C4ACC5F00832674 /* FetchMoviesUseCase.swift */,
			);
			path = UseCases;
			sourceTree = "<group>";
		};
		48DA6B9B2C4AC81500832674 /* Data */ = {
			isa = PBXGroup;
			children = (
				48DA6B9D2C4AC82C00832674 /* Network */,
				48DA6B9C2C4AC81E00832674 /* Repositories  */,
			);
			path = Data;
			sourceTree = "<group>";
		};
		48DA6B9C2C4AC81E00832674 /* Repositories  */ = {
			isa = PBXGroup;
			children = (
				48DA6BAF2C4ACE4500832674 /* MovieRepository.swift */,
			);
			path = "Repositories ";
			sourceTree = "<group>";
		};
		48DA6B9D2C4AC82C00832674 /* Network */ = {
			isa = PBXGroup;
			children = (
				48DA6BAD2C4ACCB500832674 /* APIService.swift */,
			);
			path = Network;
			sourceTree = "<group>";
		};
		48DA6B9E2C4AC84200832674 /* Presentation */ = {
			isa = PBXGroup;
			children = (
				48DA6BA02C4AC85A00832674 /* Views */,
				48DA6B9F2C4AC84B00832674 /* ViewsModel */,
			);
			path = Presentation;
			sourceTree = "<group>";
		};
		48DA6B9F2C4AC84B00832674 /* ViewsModel */ = {
			isa = PBXGroup;
			children = (
				48DA6BB12C4ACEE800832674 /* MovieViewModel.swift */,
			);
			path = ViewsModel;
			sourceTree = "<group>";
		};
		48DA6BA02C4AC85A00832674 /* Views */ = {
			isa = PBXGroup;
			children = (
				48DA6B6F2C4AC64D00832674 /* ContentView.swift */,
				48DA6BA32C4ACB9800832674 /* MovieListView.swift */,
				48DA6BA52C4ACBD100832674 /* MovieRow.swift */,
				48DA6BA72C4ACBF300832674 /* MovieDetailView.swift */,
				48DA6B6D2C4AC64D00832674 /* MovieAppApp.swift */,
			);
			path = Views;
			sourceTree = "<group>";
		};
/* End PBXGroup section */

/* Begin PBXNativeTarget section */
		48DA6B692C4AC64D00832674 /* MovieApp */ = {
			isa = PBXNativeTarget;
			buildConfigurationList = 48DA6B8E2C4AC64F00832674 /* Build configuration list for PBXNativeTarget "MovieApp" */;
			buildPhases = (
				48DA6B662C4AC64D00832674 /* Sources */,
				48DA6B672C4AC64D00832674 /* Frameworks */,
				48DA6B682C4AC64D00832674 /* Resources */,
			);
			buildRules = (
			);
			dependencies = (
			);
			name = MovieApp;
			productName = MovieApp;
			productReference = 48DA6B6A2C4AC64D00832674 /* MovieApp.app */;
			productType = "com.apple.product-type.application";
		};
		48DA6B792C4AC64F00832674 /* MovieAppTests */ = {
			isa = PBXNativeTarget;
			buildConfigurationList = 48DA6B912C4AC64F00832674 /* Build configuration list for PBXNativeTarget "MovieAppTests" */;
			buildPhases = (
				48DA6B762C4AC64F00832674 /* Sources */,
				48DA6B772C4AC64F00832674 /* Frameworks */,
				48DA6B782C4AC64F00832674 /* Resources */,
			);
			buildRules = (
			);
			dependencies = (
				48DA6B7C2C4AC64F00832674 /* PBXTargetDependency */,
			);
			name = MovieAppTests;
			productName = MovieAppTests;
			productReference = 48DA6B7A2C4AC64F00832674 /* MovieAppTests.xctest */;
			productType = "com.apple.product-type.bundle.unit-test";
		};
/* End PBXNativeTarget section */

/* Begin PBXProject section */
		48DA6B622C4AC64D00832674 /* Project object */ = {
			isa = PBXProject;
			attributes = {
				BuildIndependentTargetsInParallel = 1;
				LastSwiftUpdateCheck = 1540;
				LastUpgradeCheck = 1540;
				TargetAttributes = {
					48DA6B692C4AC64D00832674 = {
						CreatedOnToolsVersion = 15.4;
					};
					48DA6B792C4AC64F00832674 = {
						CreatedOnToolsVersion = 15.4;
						TestTargetID = 48DA6B692C4AC64D00832674;
					};
				};
			};
			buildConfigurationList = 48DA6B652C4AC64D00832674 /* Build configuration list for PBXProject "MovieApp" */;
			compatibilityVersion = "Xcode 14.0";
			developmentRegion = en;
			hasScannedForEncodings = 0;
			knownRegions = (
				en,
				Base,
			);
			mainGroup = 48DA6B612C4AC64D00832674;
			productRefGroup = 48DA6B6B2C4AC64D00832674 /* Products */;
			projectDirPath = "";
			projectRoot = "";
			targets = (
				48DA6B692C4AC64D00832674 /* MovieApp */,
				48DA6B792C4AC64F00832674 /* MovieAppTests */,
			);
		};
/* End PBXProject section */

/* Begin PBXResourcesBuildPhase section */
		48DA6B682C4AC64D00832674 /* Resources */ = {
			isa = PBXResourcesBuildPhase;
			buildActionMask = 2147483647;
			files = (
				48DA6B752C4AC64F00832674 /* Preview Assets.xcassets in Resources */,
				48DA6B722C4AC64F00832674 /* Assets.xcassets in Resources */,
			);
			runOnlyForDeploymentPostprocessing = 0;
		};
		48DA6B782C4AC64F00832674 /* Resources */ = {
			isa = PBXResourcesBuildPhase;
			buildActionMask = 2147483647;
			files = (
			);
			runOnlyForDeploymentPostprocessing = 0;
		};
/* End PBXResourcesBuildPhase section */

/* Begin PBXSourcesBuildPhase section */
		48DA6B662C4AC64D00832674 /* Sources */ = {
			isa = PBXSourcesBuildPhase;
			buildActionMask = 2147483647;
			files = (
				48DA6BA82C4ACBF300832674 /* MovieDetailView.swift in Sources */,
				48DA6B702C4AC64D00832674 /* ContentView.swift in Sources */,
				48DA6BAC2C4ACC5F00832674 /* FetchMoviesUseCase.swift in Sources */,
				48DA6BAA2C4ACC3200832674 /* Movie.swift in Sources */,
				48DA6BA62C4ACBD100832674 /* MovieRow.swift in Sources */,
				48DA6BB22C4ACEE800832674 /* MovieViewModel.swift in Sources */,
				48DA6BAE2C4ACCB500832674 /* APIService.swift in Sources */,
				48DA6B6E2C4AC64D00832674 /* MovieAppApp.swift in Sources */,
				48DA6BB02C4ACE4500832674 /* MovieRepository.swift in Sources */,
				48DA6BA42C4ACB9800832674 /* MovieListView.swift in Sources */,
			);
			runOnlyForDeploymentPostprocessing = 0;
		};
		48DA6B762C4AC64F00832674 /* Sources */ = {
			isa = PBXSourcesBuildPhase;
			buildActionMask = 2147483647;
			files = (
				48DA6BB42C4AD24600832674 /* APIServiceTests.swift in Sources */,
				48DA6BB62C4AD29B00832674 /* MovieRepositoryTests.swift in Sources */,
				48DA6BB82C4AD31F00832674 /* MovieViewModelTests.swift in Sources */,
			);
			runOnlyForDeploymentPostprocessing = 0;
		};
/* End PBXSourcesBuildPhase section */

/* Begin PBXTargetDependency section */
		48DA6B7C2C4AC64F00832674 /* PBXTargetDependency */ = {
			isa = PBXTargetDependency;
			target = 48DA6B692C4AC64D00832674 /* MovieApp */;
			targetProxy = 48DA6B7B2C4AC64F00832674 /* PBXContainerItemProxy */;
		};
/* End PBXTargetDependency section */

/* Begin XCBuildConfiguration section */
		48DA6B8C2C4AC64F00832674 /* Debug */ = {
			isa = XCBuildConfiguration;
			buildSettings = {
				ALWAYS_SEARCH_USER_PATHS = NO;
				ASSETCATALOG_COMPILER_GENERATE_SWIFT_ASSET_SYMBOL_EXTENSIONS = YES;
				CLANG_ANALYZER_NONNULL = YES;
				CLANG_ANALYZER_NUMBER_OBJECT_CONVERSION = YES_AGGRESSIVE;
				CLANG_CXX_LANGUAGE_STANDARD = "gnu++20";
				CLANG_ENABLE_MODULES = YES;
				CLANG_ENABLE_OBJC_ARC = YES;
				CLANG_ENABLE_OBJC_WEAK = YES;
				CLANG_WARN_BLOCK_CAPTURE_AUTORELEASING = YES;
				CLANG_WARN_BOOL_CONVERSION = YES;
				CLANG_WARN_COMMA = YES;
				CLANG_WARN_CONSTANT_CONVERSION = YES;
				CLANG_WARN_DEPRECATED_OBJC_IMPLEMENTATIONS = YES;
				CLANG_WARN_DIRECT_OBJC_ISA_USAGE = YES_ERROR;
				CLANG_WARN_DOCUMENTATION_COMMENTS = YES;
				CLANG_WARN_EMPTY_BODY = YES;
				CLANG_WARN_ENUM_CONVERSION = YES;
				CLANG_WARN_INFINITE_RECURSION = YES;
				CLANG_WARN_INT_CONVERSION = YES;
				CLANG_WARN_NON_LITERAL_NULL_CONVERSION = YES;
				CLANG_WARN_OBJC_IMPLICIT_RETAIN_SELF = YES;
				CLANG_WARN_OBJC_LITERAL_CONVERSION = YES;
				CLANG_WARN_OBJC_ROOT_CLASS = YES_ERROR;
				CLANG_WARN_QUOTED_INCLUDE_IN_FRAMEWORK_HEADER = YES;
				CLANG_WARN_RANGE_LOOP_ANALYSIS = YES;
				CLANG_WARN_STRICT_PROTOTYPES = YES;
				CLANG_WARN_SUSPICIOUS_MOVE = YES;
				CLANG_WARN_UNGUARDED_AVAILABILITY = YES_AGGRESSIVE;
				CLANG_WARN_UNREACHABLE_CODE = YES;
				CLANG_WARN__DUPLICATE_METHOD_MATCH = YES;
				COPY_PHASE_STRIP = NO;
				DEBUG_INFORMATION_FORMAT = dwarf;
				ENABLE_STRICT_OBJC_MSGSEND = YES;
				ENABLE_TESTABILITY = YES;
				ENABLE_USER_SCRIPT_SANDBOXING = YES;
				GCC_C_LANGUAGE_STANDARD = gnu17;
				GCC_DYNAMIC_NO_PIC = NO;
				GCC_NO_COMMON_BLOCKS = YES;
				GCC_OPTIMIZATION_LEVEL = 0;
				GCC_PREPROCESSOR_DEFINITIONS = (
					"DEBUG=1",
					"$(inherited)",
				);
				GCC_WARN_64_TO_32_BIT_CONVERSION = YES;
				GCC_WARN_ABOUT_RETURN_TYPE = YES_ERROR;
				GCC_WARN_UNDECLARED_SELECTOR = YES;
				GCC_WARN_UNINITIALIZED_AUTOS = YES_AGGRESSIVE;
				GCC_WARN_UNUSED_FUNCTION = YES;
				GCC_WARN_UNUSED_VARIABLE = YES;
				IPHONEOS_DEPLOYMENT_TARGET = 17.5;
				LOCALIZATION_PREFERS_STRING_CATALOGS = YES;
				MTL_ENABLE_DEBUG_INFO = INCLUDE_SOURCE;
				MTL_FAST_MATH = YES;
				ONLY_ACTIVE_ARCH = YES;
				SDKROOT = iphoneos;
				SWIFT_ACTIVE_COMPILATION_CONDITIONS = "DEBUG $(inherited)";
				SWIFT_OPTIMIZATION_LEVEL = "-Onone";
			};
			name = Debug;
		};
		48DA6B8D2C4AC64F00832674 /* Release */ = {
			isa = XCBuildConfiguration;
			buildSettings = {
				ALWAYS_SEARCH_USER_PATHS = NO;
				ASSETCATALOG_COMPILER_GENERATE_SWIFT_ASSET_SYMBOL_EXTENSIONS = YES;
				CLANG_ANALYZER_NONNULL = YES;
				CLANG_ANALYZER_NUMBER_OBJECT_CONVERSION = YES_AGGRESSIVE;
				CLANG_CXX_LANGUAGE_STANDARD = "gnu++20";
				CLANG_ENABLE_MODULES = YES;
				CLANG_ENABLE_OBJC_ARC = YES;
				CLANG_ENABLE_OBJC_WEAK = YES;
				CLANG_WARN_BLOCK_CAPTURE_AUTORELEASING = YES;
				CLANG_WARN_BOOL_CONVERSION = YES;
				CLANG_WARN_COMMA = YES;
				CLANG_WARN_CONSTANT_CONVERSION = YES;
				CLANG_WARN_DEPRECATED_OBJC_IMPLEMENTATIONS = YES;
				CLANG_WARN_DIRECT_OBJC_ISA_USAGE = YES_ERROR;
				CLANG_WARN_DOCUMENTATION_COMMENTS = YES;
				CLANG_WARN_EMPTY_BODY = YES;
				CLANG_WARN_ENUM_CONVERSION = YES;
				CLANG_WARN_INFINITE_RECURSION = YES;
				CLANG_WARN_INT_CONVERSION = YES;
				CLANG_WARN_NON_LITERAL_NULL_CONVERSION = YES;
				CLANG_WARN_OBJC_IMPLICIT_RETAIN_SELF = YES;
				CLANG_WARN_OBJC_LITERAL_CONVERSION = YES;
				CLANG_WARN_OBJC_ROOT_CLASS = YES_ERROR;
				CLANG_WARN_QUOTED_INCLUDE_IN_FRAMEWORK_HEADER = YES;
				CLANG_WARN_RANGE_LOOP_ANALYSIS = YES;
				CLANG_WARN_STRICT_PROTOTYPES = YES;
				CLANG_WARN_SUSPICIOUS_MOVE = YES;
				CLANG_WARN_UNGUARDED_AVAILABILITY = YES_AGGRESSIVE;
				CLANG_WARN_UNREACHABLE_CODE = YES;
				CLANG_WARN__DUPLICATE_METHOD_MATCH = YES;
				COPY_PHASE_STRIP = NO;
				DEBUG_INFORMATION_FORMAT = "dwarf-with-dsym";
				ENABLE_NS_ASSERTIONS = NO;
				ENABLE_STRICT_OBJC_MSGSEND = YES;
				ENABLE_USER_SCRIPT_SANDBOXING = YES;
				GCC_C_LANGUAGE_STANDARD = gnu17;
				GCC_NO_COMMON_BLOCKS = YES;
				GCC_WARN_64_TO_32_BIT_CONVERSION = YES;
				GCC_WARN_ABOUT_RETURN_TYPE = YES_ERROR;
				GCC_WARN_UNDECLARED_SELECTOR = YES;
				GCC_WARN_UNINITIALIZED_AUTOS = YES_AGGRESSIVE;
				GCC_WARN_UNUSED_FUNCTION = YES;
				GCC_WARN_UNUSED_VARIABLE = YES;
				IPHONEOS_DEPLOYMENT_TARGET = 17.5;
				LOCALIZATION_PREFERS_STRING_CATALOGS = YES;
				MTL_ENABLE_DEBUG_INFO = NO;
				MTL_FAST_MATH = YES;
				SDKROOT = iphoneos;
				SWIFT_COMPILATION_MODE = wholemodule;
				VALIDATE_PRODUCT = YES;
			};
			name = Release;
		};
		48DA6B8F2C4AC64F00832674 /* Debug */ = {
			isa = XCBuildConfiguration;
			buildSettings = {
				ASSETCATALOG_COMPILER_APPICON_NAME = AppIcon;
				ASSETCATALOG_COMPILER_GLOBAL_ACCENT_COLOR_NAME = AccentColor;
				CODE_SIGN_STYLE = Automatic;
				CURRENT_PROJECT_VERSION = 1;
				DEVELOPMENT_ASSET_PATHS = "\"MovieApp/Preview Content\"";
				DEVELOPMENT_TEAM = Y9W5C9435Y;
				ENABLE_PREVIEWS = YES;
				GENERATE_INFOPLIST_FILE = YES;
				INFOPLIST_KEY_UIApplicationSceneManifest_Generation = YES;
				INFOPLIST_KEY_UIApplicationSupportsIndirectInputEvents = YES;
				INFOPLIST_KEY_UILaunchScreen_Generation = YES;
				INFOPLIST_KEY_UISupportedInterfaceOrientations_iPad = "UIInterfaceOrientationPortrait UIInterfaceOrientationPortraitUpsideDown UIInterfaceOrientationLandscapeLeft UIInterfaceOrientationLandscapeRight";
				INFOPLIST_KEY_UISupportedInterfaceOrientations_iPhone = "UIInterfaceOrientationPortrait UIInterfaceOrientationLandscapeLeft UIInterfaceOrientationLandscapeRight";
				LD_RUNPATH_SEARCH_PATHS = (
					"$(inherited)",
					"@executable_path/Frameworks",
				);
				MARKETING_VERSION = 1.0;
				PRODUCT_BUNDLE_IDENTIFIER = com.personal.MovieApp;
				PRODUCT_NAME = "$(TARGET_NAME)";
				SWIFT_EMIT_LOC_STRINGS = YES;
				SWIFT_VERSION = 5.0;
				TARGETED_DEVICE_FAMILY = "1,2";
			};
			name = Debug;
		};
		48DA6B902C4AC64F00832674 /* Release */ = {
			isa = XCBuildConfiguration;
			buildSettings = {
				ASSETCATALOG_COMPILER_APPICON_NAME = AppIcon;
				ASSETCATALOG_COMPILER_GLOBAL_ACCENT_COLOR_NAME = AccentColor;
				CODE_SIGN_STYLE = Automatic;
				CURRENT_PROJECT_VERSION = 1;
				DEVELOPMENT_ASSET_PATHS = "\"MovieApp/Preview Content\"";
				DEVELOPMENT_TEAM = Y9W5C9435Y;
				ENABLE_PREVIEWS = YES;
				GENERATE_INFOPLIST_FILE = YES;
				INFOPLIST_KEY_UIApplicationSceneManifest_Generation = YES;
				INFOPLIST_KEY_UIApplicationSupportsIndirectInputEvents = YES;
				INFOPLIST_KEY_UILaunchScreen_Generation = YES;
				INFOPLIST_KEY_UISupportedInterfaceOrientations_iPad = "UIInterfaceOrientationPortrait UIInterfaceOrientationPortraitUpsideDown UIInterfaceOrientationLandscapeLeft UIInterfaceOrientationLandscapeRight";
				INFOPLIST_KEY_UISupportedInterfaceOrientations_iPhone = "UIInterfaceOrientationPortrait UIInterfaceOrientationLandscapeLeft UIInterfaceOrientationLandscapeRight";
				LD_RUNPATH_SEARCH_PATHS = (
					"$(inherited)",
					"@executable_path/Frameworks",
				);
				MARKETING_VERSION = 1.0;
				PRODUCT_BUNDLE_IDENTIFIER = com.personal.MovieApp;
				PRODUCT_NAME = "$(TARGET_NAME)";
				SWIFT_EMIT_LOC_STRINGS = YES;
				SWIFT_VERSION = 5.0;
				TARGETED_DEVICE_FAMILY = "1,2";
			};
			name = Release;
		};
		48DA6B922C4AC64F00832674 /* Debug */ = {
			isa = XCBuildConfiguration;
			buildSettings = {
				ALWAYS_EMBED_SWIFT_STANDARD_LIBRARIES = YES;
				BUNDLE_LOADER = "$(TEST_HOST)";
				CODE_SIGN_STYLE = Automatic;
				CURRENT_PROJECT_VERSION = 1;
				DEVELOPMENT_TEAM = Y9W5C9435Y;
				GENERATE_INFOPLIST_FILE = YES;
				IPHONEOS_DEPLOYMENT_TARGET = 17.5;
				MARKETING_VERSION = 1.0;
				PRODUCT_BUNDLE_IDENTIFIER = com.personal.MovieAppTests;
				PRODUCT_NAME = "$(TARGET_NAME)";
				SWIFT_EMIT_LOC_STRINGS = NO;
				SWIFT_VERSION = 5.0;
				TARGETED_DEVICE_FAMILY = "1,2";
				TEST_HOST = "$(BUILT_PRODUCTS_DIR)/MovieApp.app/$(BUNDLE_EXECUTABLE_FOLDER_PATH)/MovieApp";
			};
			name = Debug;
		};
		48DA6B932C4AC64F00832674 /* Release */ = {
			isa = XCBuildConfiguration;
			buildSettings = {
				ALWAYS_EMBED_SWIFT_STANDARD_LIBRARIES = YES;
				BUNDLE_LOADER = "$(TEST_HOST)";
				CODE_SIGN_STYLE = Automatic;
				CURRENT_PROJECT_VERSION = 1;
				DEVELOPMENT_TEAM = Y9W5C9435Y;
				GENERATE_INFOPLIST_FILE = YES;
				IPHONEOS_DEPLOYMENT_TARGET = 17.5;
				MARKETING_VERSION = 1.0;
				PRODUCT_BUNDLE_IDENTIFIER = com.personal.MovieAppTests;
				PRODUCT_NAME = "$(TARGET_NAME)";
				SWIFT_EMIT_LOC_STRINGS = NO;
				SWIFT_VERSION = 5.0;
				TARGETED_DEVICE_FAMILY = "1,2";
				TEST_HOST = "$(BUILT_PRODUCTS_DIR)/MovieApp.app/$(BUNDLE_EXECUTABLE_FOLDER_PATH)/MovieApp";
			};
			name = Release;
		};
/* End XCBuildConfiguration section */

/* Begin XCConfigurationList section */
		48DA6B652C4AC64D00832674 /* Build configuration list for PBXProject "MovieApp" */ = {
			isa = XCConfigurationList;
			buildConfigurations = (
				48DA6B8C2C4AC64F00832674 /* Debug */,
				48DA6B8D2C4AC64F00832674 /* Release */,
			);
			defaultConfigurationIsVisible = 0;
			defaultConfigurationName = Release;
		};
		48DA6B8E2C4AC64F00832674 /* Build configuration list for PBXNativeTarget "MovieApp" */ = {
			isa = XCConfigurationList;
			buildConfigurations = (
				48DA6B8F2C4AC64F00832674 /* Debug */,
				48DA6B902C4AC64F00832674 /* Release */,
			);
			defaultConfigurationIsVisible = 0;
			defaultConfigurationName = Release;
		};
		48DA6B912C4AC64F00832674 /* Build configuration list for PBXNativeTarget "MovieAppTests" */ = {
			isa = XCConfigurationList;
			buildConfigurations = (
				48DA6B922C4AC64F00832674 /* Debug */,
				48DA6B932C4AC64F00832674 /* Release */,
			);
			defaultConfigurationIsVisible = 0;
			defaultConfigurationName = Release;
		};
/* End XCConfigurationList section */
	};
	rootObject = 48DA6B622C4AC64D00832674 /* Project object */;
}
